
Microsoft Visual Studio Solution File, Format Version 12.00
# Visual Studio Version 16
VisualStudioVersion = 16.0.31515.178
MinimumVisualStudioVersion = 10.0.40219.1
Project("{9A19103F-16F7-4668-BE54-9A1E7A4F7556}") = "auto_deploy_docker", "auto_deploy_docker.csproj", "{1F15506C-C4C0-4609-81A0-23766C40A189}"
EndProject
Global
	GlobalSection(SolutionConfigurationPlatforms) = preSolution
		Debug|Any CPU = Debug|Any CPU
		Release|Any CPU = Release|Any CPU
	EndGlobalSection
	GlobalSection(ProjectConfigurationPlatforms) = postSolution
		{1F15506C-C4C0-4609-81A0-23766C40A189}.Debug|Any CPU.ActiveCfg = Debug|Any CPU
		{1F15506C-C4C0-4609-81A0-23766C40A189}.Debug|Any CPU.Build.0 = Debug|Any CPU
		{1F15506C-C4C0-4609-81A0-23766C40A189}.Release|Any CPU.ActiveCfg = Release|Any CPU
		{1F15506C-C4C0-4609-81A0-23766C40A189}.Release|Any CPU.Build.0 = Release|Any CPU
	EndGlobalSection
	GlobalSection(SolutionProperties) = preSolution
		HideSolutionNode = FALSE
	EndGlobalSection
	GlobalSection(ExtensibilityGlobals) = postSolution
		SolutionGuid = {95EEB826-7C57-4B20-8CF2-7AB8FB043923}
	EndGlobalSection
EndGlobal
